
Microsoft Visual Studio Solution File, Format Version 12.00
Project("{FAE04EC0-301F-11D3-BF4B-00C04F79EFBC}") = "CarRepairWorkshop.Contracts", "CarRepairWorkshop.Contracts\CarRepairWorkshop.Contracts.csproj", "{5B33126E-F304-4EEF-9EBF-19A9259D643C}"
EndProject
Project("{FAE04EC0-301F-11D3-BF4B-00C04F79EFBC}") = "CarRepairWorkshop.Api", "CarRepairWorkshop.Api\CarRepairWorkshop.Api.csproj", "{FDE4D444-8F03-424D-8E97-C47A8903293F}"
EndProject
Global
	GlobalSection(SolutionConfigurationPlatforms) = preSolution
		Debug|Any CPU = Debug|Any CPU
		Release|Any CPU = Release|Any CPU
	EndGlobalSection
	GlobalSection(ProjectConfigurationPlatforms) = postSolution
		{5B33126E-F304-4EEF-9EBF-19A9259D643C}.Debug|Any CPU.ActiveCfg = Debug|Any CPU
		{5B33126E-F304-4EEF-9EBF-19A9259D643C}.Debug|Any CPU.Build.0 = Debug|Any CPU
		{5B33126E-F304-4EEF-9EBF-19A9259D643C}.Release|Any CPU.ActiveCfg = Release|Any CPU
		{5B33126E-F304-4EEF-9EBF-19A9259D643C}.Release|Any CPU.Build.0 = Release|Any CPU
		{FDE4D444-8F03-424D-8E97-C47A8903293F}.Debug|Any CPU.ActiveCfg = Debug|Any CPU
		{FDE4D444-8F03-424D-8E97-C47A8903293F}.Debug|Any CPU.Build.0 = Debug|Any CPU
		{FDE4D444-8F03-424D-8E97-C47A8903293F}.Release|Any CPU.ActiveCfg = Release|Any CPU
		{FDE4D444-8F03-424D-8E97-C47A8903293F}.Release|Any CPU.Build.0 = Release|Any CPU
	EndGlobalSection
EndGlobal
